
Microsoft Visual Studio Solution File, Format Version 12.00
# Visual Studio Version 17
VisualStudioVersion = 17.0.32014.148
MinimumVisualStudioVersion = 10.0.40219.1
Project("{FAE04EC0-301F-11D3-BF4B-00C04F79EFBC}") = "VideoStreamBackend", "VideoStreamBackend.csproj", "{98010287-EA8A-49A4-BDBD-C9A9D63E5410}"
EndProject
Global
	GlobalSection(SolutionConfigurationPlatforms) = preSolution
		Debug|Any CPU = Debug|Any CPU
		Release|Any CPU = Release|Any CPU
	EndGlobalSection
	GlobalSection(ProjectConfigurationPlatforms) = postSolution
		{98010287-EA8A-49A4-BDBD-C9A9D63E5410}.Debug|Any CPU.ActiveCfg = Debug|Any CPU
		{98010287-EA8A-49A4-BDBD-C9A9D63E5410}.Debug|Any CPU.Build.0 = Debug|Any CPU
		{98010287-EA8A-49A4-BDBD-C9A9D63E5410}.Release|Any CPU.ActiveCfg = Release|Any CPU
		{98010287-EA8A-49A4-BDBD-C9A9D63E5410}.Release|Any CPU.Build.0 = Release|Any CPU
	EndGlobalSection
	GlobalSection(SolutionProperties) = preSolution
		HideSolutionNode = FALSE
	EndGlobalSection
	GlobalSection(ExtensibilityGlobals) = postSolution
		SolutionGuid = {2A0B9670-0589-4E08-BC12-131C931FAA5D}
	EndGlobalSection
EndGlobal
